
Microsoft Visual Studio Solution File, Format Version 12.00
# Visual Studio 15
VisualStudioVersion = 15.0.28307.779
MinimumVisualStudioVersion = 10.0.40219.1
Project("{FAE04EC0-301F-11D3-BF4B-00C04F79EFBC}") = "Soulstice.UI.MVC", "Soulstice.UI.MVC\Soulstice.UI.MVC.csproj", "{1B48A2AE-9ECE-4322-A400-0414FDBDD2D9}"
EndProject
Global
	GlobalSection(SolutionConfigurationPlatforms) = preSolution
		Debug|Any CPU = Debug|Any CPU
		Release|Any CPU = Release|Any CPU
	EndGlobalSection
	GlobalSection(ProjectConfigurationPlatforms) = postSolution
		{1B48A2AE-9ECE-4322-A400-0414FDBDD2D9}.Debug|Any CPU.ActiveCfg = Debug|Any CPU
		{1B48A2AE-9ECE-4322-A400-0414FDBDD2D9}.Debug|Any CPU.Build.0 = Debug|Any CPU
		{1B48A2AE-9ECE-4322-A400-0414FDBDD2D9}.Release|Any CPU.ActiveCfg = Release|Any CPU
		{1B48A2AE-9ECE-4322-A400-0414FDBDD2D9}.Release|Any CPU.Build.0 = Release|Any CPU
	EndGlobalSection
	GlobalSection(SolutionProperties) = preSolution
		HideSolutionNode = FALSE
	EndGlobalSection
	GlobalSection(ExtensibilityGlobals) = postSolution
		SolutionGuid = {E172E869-7385-4BAD-9FAE-FB0E77165AA9}
	EndGlobalSection
EndGlobal
